// !$*UTF8*$!
{
	archiveVersion = 1;
	classes = {
	};
	objectVersion = 50;
	objects = {

/* Begin PBXBuildFile section */
		3E94C2D9263CB57A00ED7C95 /* Petstore.swift in Sources */ = {isa = PBXBuildFile; fileRef = 3E94C2D8263CB57A00ED7C95 /* Petstore.swift */; };
		3E94C2DC263CB63F00ED7C95 /* PetstoreStore.swift in Sources */ = {isa = PBXBuildFile; fileRef = 3E94C2DB263CB63F00ED7C95 /* PetstoreStore.swift */; };
		3E94C2DF263CB6BB00ED7C95 /* PetstoreDetail.swift in Sources */ = {isa = PBXBuildFile; fileRef = 3E94C2DE263CB6BB00ED7C95 /* PetstoreDetail.swift */; };
		3EFAD5AD263B5A0B0053997A /* myPetStoreApp.swift in Sources */ = {isa = PBXBuildFile; fileRef = 3EFAD5AC263B5A0B0053997A /* myPetStoreApp.swift */; };
		3EFAD5AF263B5A0B0053997A /* ContentView.swift in Sources */ = {isa = PBXBuildFile; fileRef = 3EFAD5AE263B5A0B0053997A /* ContentView.swift */; };
		3EFAD5B1263B5A0D0053997A /* Assets.xcassets in Resources */ = {isa = PBXBuildFile; fileRef = 3EFAD5B0263B5A0D0053997A /* Assets.xcassets */; };
		3EFAD5B4263B5A0D0053997A /* Preview Assets.xcassets in Resources */ = {isa = PBXBuildFile; fileRef = 3EFAD5B3263B5A0D0053997A /* Preview Assets.xcassets */; };
/* End PBXBuildFile section */

/* Begin PBXContainerItemProxy section */
		3E94C2ED263CBAC500ED7C95 /* PBXContainerItemProxy */ = {
			isa = PBXContainerItemProxy;
			containerPortal = 3EFAD5A1263B5A0B0053997A /* Project object */;
			proxyType = 1;
			remoteGlobalIDString = 3EFAD5A8263B5A0B0053997A;
			remoteInfo = myPetStoreApp;
		};
/* End PBXContainerItemProxy section */

/* Begin PBXFileReference section */
		3E94C2D8263CB57A00ED7C95 /* Petstore.swift */ = {isa = PBXFileReference; lastKnownFileType = sourcecode.swift; path = Petstore.swift; sourceTree = "<group>"; };
		3E94C2DB263CB63F00ED7C95 /* PetstoreStore.swift */ = {isa = PBXFileReference; lastKnownFileType = sourcecode.swift; path = PetstoreStore.swift; sourceTree = "<group>"; };
		3E94C2DE263CB6BB00ED7C95 /* PetstoreDetail.swift */ = {isa = PBXFileReference; lastKnownFileType = sourcecode.swift; path = PetstoreDetail.swift; sourceTree = "<group>"; };
		3E94C2E8263CBAC500ED7C95 /* myPetStoreAppUITests.xctest */ = {isa = PBXFileReference; explicitFileType = wrapper.cfbundle; includeInIndex = 0; path = myPetStoreAppUITests.xctest; sourceTree = BUILT_PRODUCTS_DIR; };
		3EFAD5A9263B5A0B0053997A /* myPetStoreApp.app */ = {isa = PBXFileReference; explicitFileType = wrapper.application; includeInIndex = 0; path = myPetStoreApp.app; sourceTree = BUILT_PRODUCTS_DIR; };
		3EFAD5AC263B5A0B0053997A /* myPetStoreApp.swift */ = {isa = PBXFileReference; lastKnownFileType = sourcecode.swift; path = myPetStoreApp.swift; sourceTree = "<group>"; };
		3EFAD5AE263B5A0B0053997A /* ContentView.swift */ = {isa = PBXFileReference; lastKnownFileType = sourcecode.swift; path = ContentView.swift; sourceTree = "<group>"; };
		3EFAD5B0263B5A0D0053997A /* Assets.xcassets */ = {isa = PBXFileReference; lastKnownFileType = folder.assetcatalog; path = Assets.xcassets; sourceTree = "<group>"; };
		3EFAD5B3263B5A0D0053997A /* Preview Assets.xcassets */ = {isa = PBXFileReference; lastKnownFileType = folder.assetcatalog; path = "Preview Assets.xcassets"; sourceTree = "<group>"; };
		3EFAD5B5263B5A0D0053997A /* Info.plist */ = {isa = PBXFileReference; lastKnownFileType = text.plist.xml; path = Info.plist; sourceTree = "<group>"; };
/* End PBXFileReference section */

/* Begin PBXFrameworksBuildPhase section */
		3E94C2E5263CBAC500ED7C95 /* Frameworks */ = {
			isa = PBXFrameworksBuildPhase;
			buildActionMask = 2147483647;
			files = (
			);
			runOnlyForDeploymentPostprocessing = 0;
		};
		3EFAD5A6263B5A0B0053997A /* Frameworks */ = {
			isa = PBXFrameworksBuildPhase;
			buildActionMask = 2147483647;
			files = (
			);
			runOnlyForDeploymentPostprocessing = 0;
		};
/* End PBXFrameworksBuildPhase section */

/* Begin PBXGroup section */
		3EFAD5A0263B5A0B0053997A = {
			isa = PBXGroup;
			children = (
				3EFAD5AB263B5A0B0053997A /* myPetStoreApp */,
			);
			sourceTree = "<group>";
		};
		3EFAD5AA263B5A0B0053997A /* Products */ = {
			isa = PBXGroup;
			children = (
				3EFAD5A9263B5A0B0053997A /* myPetStoreApp.app */,
				3E94C2E8263CBAC500ED7C95 /* myPetStoreAppUITests.xctest */,
			);
			name = Products;
			path = ..;
			sourceTree = "<group>";
		};
		3EFAD5AB263B5A0B0053997A /* myPetStoreApp */ = {
			isa = PBXGroup;
			children = (
				3EFAD5AC263B5A0B0053997A /* myPetStoreApp.swift */,
				3EFAD5AE263B5A0B0053997A /* ContentView.swift */,
				3E94C2D8263CB57A00ED7C95 /* Petstore.swift */,
				3E94C2DB263CB63F00ED7C95 /* PetstoreStore.swift */,
				3E94C2DE263CB6BB00ED7C95 /* PetstoreDetail.swift */,
				3EFAD5B0263B5A0D0053997A /* Assets.xcassets */,
				3EFAD5B5263B5A0D0053997A /* Info.plist */,
				3EFAD5AA263B5A0B0053997A /* Products */,
				3EFAD5B2263B5A0D0053997A /* Preview Content */,
			);
			path = myPetStoreApp;
			sourceTree = "<group>";
		};
		3EFAD5B2263B5A0D0053997A /* Preview Content */ = {
			isa = PBXGroup;
			children = (
				3EFAD5B3263B5A0D0053997A /* Preview Assets.xcassets */,
			);
			path = "Preview Content";
			sourceTree = "<group>";
		};
/* End PBXGroup section */

/* Begin PBXNativeTarget section */
		3E94C2E7263CBAC500ED7C95 /* myPetStoreAppUITests */ = {
			isa = PBXNativeTarget;
			buildConfigurationList = 3E94C2EF263CBAC500ED7C95 /* Build configuration list for PBXNativeTarget "myPetStoreAppUITests" */;
			buildPhases = (
				3E94C2E4263CBAC500ED7C95 /* Sources */,
				3E94C2E5263CBAC500ED7C95 /* Frameworks */,
				3E94C2E6263CBAC500ED7C95 /* Resources */,
			);
			buildRules = (
			);
			dependencies = (
				3E94C2EE263CBAC500ED7C95 /* PBXTargetDependency */,
			);
			name = myPetStoreAppUITests;
			productName = myPetStoreAppUITests;
			productReference = 3E94C2E8263CBAC500ED7C95 /* myPetStoreAppUITests.xctest */;
			productType = "com.apple.product-type.bundle.ui-testing";
		};
		3EFAD5A8263B5A0B0053997A /* myPetStoreApp */ = {
			isa = PBXNativeTarget;
			buildConfigurationList = 3EFAD5B8263B5A0D0053997A /* Build configuration list for PBXNativeTarget "myPetStoreApp" */;
			buildPhases = (
				3EFAD5A5263B5A0B0053997A /* Sources */,
				3EFAD5A6263B5A0B0053997A /* Frameworks */,
				3EFAD5A7263B5A0B0053997A /* Resources */,
			);
			buildRules = (
			);
			dependencies = (
			);
			name = myPetStoreApp;
			productName = myPetStoreApp;
			productReference = 3EFAD5A9263B5A0B0053997A /* myPetStoreApp.app */;
			productType = "com.apple.product-type.application";
		};
/* End PBXNativeTarget section */

/* Begin PBXProject section */
		3EFAD5A1263B5A0B0053997A /* Project object */ = {
			isa = PBXProject;
			attributes = {
				LastSwiftUpdateCheck = 1240;
				LastUpgradeCheck = 1240;
				TargetAttributes = {
					3E94C2E7263CBAC500ED7C95 = {
						CreatedOnToolsVersion = 12.4;
						TestTargetID = 3EFAD5A8263B5A0B0053997A;
					};
					3EFAD5A8263B5A0B0053997A = {
						CreatedOnToolsVersion = 12.4;
					};
				};
			};
			buildConfigurationList = 3EFAD5A4263B5A0B0053997A /* Build configuration list for PBXProject "myPetStoreApp" */;
			compatibilityVersion = "Xcode 9.3";
			developmentRegion = en;
			hasScannedForEncodings = 0;
			knownRegions = (
				en,
				Base,
			);
			mainGroup = 3EFAD5A0263B5A0B0053997A;
			productRefGroup = 3EFAD5AA263B5A0B0053997A /* Products */;
			projectDirPath = "";
			projectRoot = "";
			targets = (
				3EFAD5A8263B5A0B0053997A /* myPetStoreApp */,
				3E94C2E7263CBAC500ED7C95 /* myPetStoreAppUITests */,
			);
		};
/* End PBXProject section */

/* Begin PBXResourcesBuildPhase section */
		3E94C2E6263CBAC500ED7C95 /* Resources */ = {
			isa = PBXResourcesBuildPhase;
			buildActionMask = 2147483647;
			files = (
			);
			runOnlyForDeploymentPostprocessing = 0;
		};
		3EFAD5A7263B5A0B0053997A /* Resources */ = {
			isa = PBXResourcesBuildPhase;
			buildActionMask = 2147483647;
			files = (
				3EFAD5B4263B5A0D0053997A /* Preview Assets.xcassets in Resources */,
				3EFAD5B1263B5A0D0053997A /* Assets.xcassets in Resources */,
			);
			runOnlyForDeploymentPostprocessing = 0;
		};
/* End PBXResourcesBuildPhase section */

/* Begin PBXSourcesBuildPhase section */
		3E94C2E4263CBAC500ED7C95 /* Sources */ = {
			isa = PBXSourcesBuildPhase;
			buildActionMask = 2147483647;
			files = (
			);
			runOnlyForDeploymentPostprocessing = 0;
		};
		3EFAD5A5263B5A0B0053997A /* Sources */ = {
			isa = PBXSourcesBuildPhase;
			buildActionMask = 2147483647;
			files = (
				3EFAD5AF263B5A0B0053997A /* ContentView.swift in Sources */,
				3E94C2DC263CB63F00ED7C95 /* PetstoreStore.swift in Sources */,
				3EFAD5AD263B5A0B0053997A /* myPetStoreApp.swift in Sources */,
				3E94C2D9263CB57A00ED7C95 /* Petstore.swift in Sources */,
				3E94C2DF263CB6BB00ED7C95 /* PetstoreDetail.swift in Sources */,
			);
			runOnlyForDeploymentPostprocessing = 0;
		};
/* End PBXSourcesBuildPhase section */

/* Begin PBXTargetDependency section */
		3E94C2EE263CBAC500ED7C95 /* PBXTargetDependency */ = {
			isa = PBXTargetDependency;
			target = 3EFAD5A8263B5A0B0053997A /* myPetStoreApp */;
			targetProxy = 3E94C2ED263CBAC500ED7C95 /* PBXContainerItemProxy */;
		};
/* End PBXTargetDependency section */

/* Begin XCBuildConfiguration section */
		3E94C2F0263CBAC500ED7C95 /* Debug */ = {
			isa = XCBuildConfiguration;
			buildSettings = {
				CODE_SIGN_STYLE = Automatic;
				DEVELOPMENT_TEAM = R8MHD586P3;
				INFOPLIST_FILE = myPetStoreAppUITests/Info.plist;
				LD_RUNPATH_SEARCH_PATHS = (
					"$(inherited)",
					"@executable_path/Frameworks",
					"@loader_path/Frameworks",
				);
				PRODUCT_BUNDLE_IDENTIFIER = "Isaac-Ernst.myPetStoreAppUITests";
				PRODUCT_NAME = "$(TARGET_NAME)";
				SWIFT_VERSION = 5.0;
				TARGETED_DEVICE_FAMILY = "1,2";
				TEST_TARGET_NAME = myPetStoreApp;
			};
			name = Debug;
		};
		3E94C2F1263CBAC500ED7C95 /* Release */ = {
			isa = XCBuildConfiguration;
			buildSettings = {
				CODE_SIGN_STYLE = Automatic;
				DEVELOPMENT_TEAM = R8MHD586P3;
				INFOPLIST_FILE = myPetStoreAppUITests/Info.plist;
				LD_RUNPATH_SEARCH_PATHS = (
					"$(inherited)",
					"@executable_path/Frameworks",
					"@loader_path/Frameworks",
				);
				PRODUCT_BUNDLE_IDENTIFIER = "Isaac-Ernst.myPetStoreAppUITests";
				PRODUCT_NAME = "$(TARGET_NAME)";
				SWIFT_VERSION = 5.0;
				TARGETED_DEVICE_FAMILY = "1,2";
				TEST_TARGET_NAME = myPetStoreApp;
			};
			name = Release;
		};
		3EFAD5B6263B5A0D0053997A /* Debug */ = {
			isa = XCBuildConfiguration;
			buildSettings = {
				ALWAYS_SEARCH_USER_PATHS = NO;
				CLANG_ANALYZER_NONNULL = YES;
				CLANG_ANALYZER_NUMBER_OBJECT_CONVERSION = YES_AGGRESSIVE;
				CLANG_CXX_LANGUAGE_STANDARD = "gnu++14";
				CLANG_CXX_LIBRARY = "libc++";
				CLANG_ENABLE_MODULES = YES;
				CLANG_ENABLE_OBJC_ARC = YES;
				CLANG_ENABLE_OBJC_WEAK = YES;
				CLANG_WARN_BLOCK_CAPTURE_AUTORELEASING = YES;
				CLANG_WARN_BOOL_CONVERSION = YES;
				CLANG_WARN_COMMA = YES;
				CLANG_WARN_CONSTANT_CONVERSION = YES;
				CLANG_WARN_DEPRECATED_OBJC_IMPLEMENTATIONS = YES;
				CLANG_WARN_DIRECT_OBJC_ISA_USAGE = YES_ERROR;
				CLANG_WARN_DOCUMENTATION_COMMENTS = YES;
				CLANG_WARN_EMPTY_BODY = YES;
				CLANG_WARN_ENUM_CONVERSION = YES;
				CLANG_WARN_INFINITE_RECURSION = YES;
				CLANG_WARN_INT_CONVERSION = YES;
				CLANG_WARN_NON_LITERAL_NULL_CONVERSION = YES;
				CLANG_WARN_OBJC_IMPLICIT_RETAIN_SELF = YES;
				CLANG_WARN_OBJC_LITERAL_CONVERSION = YES;
				CLANG_WARN_OBJC_ROOT_CLASS = YES_ERROR;
				CLANG_WARN_QUOTED_INCLUDE_IN_FRAMEWORK_HEADER = YES;
				CLANG_WARN_RANGE_LOOP_ANALYSIS = YES;
				CLANG_WARN_STRICT_PROTOTYPES = YES;
				CLANG_WARN_SUSPICIOUS_MOVE = YES;
				CLANG_WARN_UNGUARDED_AVAILABILITY = YES_AGGRESSIVE;
				CLANG_WARN_UNREACHABLE_CODE = YES;
				CLANG_WARN__DUPLICATE_METHOD_MATCH = YES;
				COPY_PHASE_STRIP = NO;
				DEBUG_INFORMATION_FORMAT = dwarf;
				ENABLE_STRICT_OBJC_MSGSEND = YES;
				ENABLE_TESTABILITY = YES;
				GCC_C_LANGUAGE_STANDARD = gnu11;
				GCC_DYNAMIC_NO_PIC = NO;
				GCC_NO_COMMON_BLOCKS = YES;
				GCC_OPTIMIZATION_LEVEL = 0;
				GCC_PREPROCESSOR_DEFINITIONS = (
					"DEBUG=1",
					"$(inherited)",
				);
				GCC_WARN_64_TO_32_BIT_CONVERSION = YES;
				GCC_WARN_ABOUT_RETURN_TYPE = YES_ERROR;
				GCC_WARN_UNDECLARED_SELECTOR = YES;
				GCC_WARN_UNINITIALIZED_AUTOS = YES_AGGRESSIVE;
				GCC_WARN_UNUSED_FUNCTION = YES;
				GCC_WARN_UNUSED_VARIABLE = YES;
				IPHONEOS_DEPLOYMENT_TARGET = 14.4;
				MTL_ENABLE_DEBUG_INFO = INCLUDE_SOURCE;
				MTL_FAST_MATH = YES;
				ONLY_ACTIVE_ARCH = YES;
				SDKROOT = iphoneos;
				SWIFT_ACTIVE_COMPILATION_CONDITIONS = DEBUG;
				SWIFT_OPTIMIZATION_LEVEL = "-Onone";
			};
			name = Debug;
		};
		3EFAD5B7263B5A0D0053997A /* Release */ = {
			isa = XCBuildConfiguration;
			buildSettings = {
				ALWAYS_SEARCH_USER_PATHS = NO;
				CLANG_ANALYZER_NONNULL = YES;
				CLANG_ANALYZER_NUMBER_OBJECT_CONVERSION = YES_AGGRESSIVE;
				CLANG_CXX_LANGUAGE_STANDARD = "gnu++14";
				CLANG_CXX_LIBRARY = "libc++";
				CLANG_ENABLE_MODULES = YES;
				CLANG_ENABLE_OBJC_ARC = YES;
				CLANG_ENABLE_OBJC_WEAK = YES;
				CLANG_WARN_BLOCK_CAPTURE_AUTORELEASING = YES;
				CLANG_WARN_BOOL_CONVERSION = YES;
				CLANG_WARN_COMMA = YES;
				CLANG_WARN_CONSTANT_CONVERSION = YES;
				CLANG_WARN_DEPRECATED_OBJC_IMPLEMENTATIONS = YES;
				CLANG_WARN_DIRECT_OBJC_ISA_USAGE = YES_ERROR;
				CLANG_WARN_DOCUMENTATION_COMMENTS = YES;
				CLANG_WARN_EMPTY_BODY = YES;
				CLANG_WARN_ENUM_CONVERSION = YES;
				CLANG_WARN_INFINITE_RECURSION = YES;
				CLANG_WARN_INT_CONVERSION = YES;
				CLANG_WARN_NON_LITERAL_NULL_CONVERSION = YES;
				CLANG_WARN_OBJC_IMPLICIT_RETAIN_SELF = YES;
				CLANG_WARN_OBJC_LITERAL_CONVERSION = YES;
				CLANG_WARN_OBJC_ROOT_CLASS = YES_ERROR;
				CLANG_WARN_QUOTED_INCLUDE_IN_FRAMEWORK_HEADER = YES;
				CLANG_WARN_RANGE_LOOP_ANALYSIS = YES;
				CLANG_WARN_STRICT_PROTOTYPES = YES;
				CLANG_WARN_SUSPICIOUS_MOVE = YES;
				CLANG_WARN_UNGUARDED_AVAILABILITY = YES_AGGRESSIVE;
				CLANG_WARN_UNREACHABLE_CODE = YES;
				CLANG_WARN__DUPLICATE_METHOD_MATCH = YES;
				COPY_PHASE_STRIP = NO;
				DEBUG_INFORMATION_FORMAT = "dwarf-with-dsym";
				ENABLE_NS_ASSERTIONS = NO;
				ENABLE_STRICT_OBJC_MSGSEND = YES;
				GCC_C_LANGUAGE_STANDARD = gnu11;
				GCC_NO_COMMON_BLOCKS = YES;
				GCC_WARN_64_TO_32_BIT_CONVERSION = YES;
				GCC_WARN_ABOUT_RETURN_TYPE = YES_ERROR;
				GCC_WARN_UNDECLARED_SELECTOR = YES;
				GCC_WARN_UNINITIALIZED_AUTOS = YES_AGGRESSIVE;
				GCC_WARN_UNUSED_FUNCTION = YES;
				GCC_WARN_UNUSED_VARIABLE = YES;
				IPHONEOS_DEPLOYMENT_TARGET = 14.4;
				MTL_ENABLE_DEBUG_INFO = NO;
				MTL_FAST_MATH = YES;
				SDKROOT = iphoneos;
				SWIFT_COMPILATION_MODE = wholemodule;
				SWIFT_OPTIMIZATION_LEVEL = "-O";
				VALIDATE_PRODUCT = YES;
			};
			name = Release;
		};
		3EFAD5B9263B5A0D0053997A /* Debug */ = {
			isa = XCBuildConfiguration;
			buildSettings = {
				ASSETCATALOG_COMPILER_APPICON_NAME = AppIcon;
				ASSETCATALOG_COMPILER_GLOBAL_ACCENT_COLOR_NAME = AccentColor;
				CODE_SIGN_STYLE = Automatic;
				DEVELOPMENT_ASSET_PATHS = "\"myPetStoreApp/Preview Content\"";
				DEVELOPMENT_TEAM = R8MHD586P3;
				ENABLE_PREVIEWS = YES;
				INFOPLIST_FILE = myPetStoreApp/Info.plist;
				IPHONEOS_DEPLOYMENT_TARGET = 14.0;
				LD_RUNPATH_SEARCH_PATHS = (
					"$(inherited)",
					"@executable_path/Frameworks",
				);
				PRODUCT_BUNDLE_IDENTIFIER = "Isaac-Ernst.myPetStoreApp";
				PRODUCT_NAME = "$(TARGET_NAME)";
				SWIFT_VERSION = 5.0;
				TARGETED_DEVICE_FAMILY = "1,2";
			};
			name = Debug;
		};
		3EFAD5BA263B5A0D0053997A /* Release */ = {
			isa = XCBuildConfiguration;
			buildSettings = {
				ASSETCATALOG_COMPILER_APPICON_NAME = AppIcon;
				ASSETCATALOG_COMPILER_GLOBAL_ACCENT_COLOR_NAME = AccentColor;
				CODE_SIGN_STYLE = Automatic;
				DEVELOPMENT_ASSET_PATHS = "\"myPetStoreApp/Preview Content\"";
				DEVELOPMENT_TEAM = R8MHD586P3;
				ENABLE_PREVIEWS = YES;
				INFOPLIST_FILE = myPetStoreApp/Info.plist;
				IPHONEOS_DEPLOYMENT_TARGET = 14.0;
				LD_RUNPATH_SEARCH_PATHS = (
					"$(inherited)",
					"@executable_path/Frameworks",
				);
				PRODUCT_BUNDLE_IDENTIFIER = "Isaac-Ernst.myPetStoreApp";
				PRODUCT_NAME = "$(TARGET_NAME)";
				SWIFT_VERSION = 5.0;
				TARGETED_DEVICE_FAMILY = "1,2";
			};
			name = Release;
		};
/* End XCBuildConfiguration section */

/* Begin XCConfigurationList section */
		3E94C2EF263CBAC500ED7C95 /* Build configuration list for PBXNativeTarget "myPetStoreAppUITests" */ = {
			isa = XCConfigurationList;
			buildConfigurations = (
				3E94C2F0263CBAC500ED7C95 /* Debug */,
				3E94C2F1263CBAC500ED7C95 /* Release */,
			);
			defaultConfigurationIsVisible = 0;
			defaultConfigurationName = Release;
		};
		3EFAD5A4263B5A0B0053997A /* Build configuration list for PBXProject "myPetStoreApp" */ = {
			isa = XCConfigurationList;
			buildConfigurations = (
				3EFAD5B6263B5A0D0053997A /* Debug */,
				3EFAD5B7263B5A0D0053997A /* Release */,
			);
			defaultConfigurationIsVisible = 0;
			defaultConfigurationName = Release;
		};
		3EFAD5B8263B5A0D0053997A /* Build configuration list for PBXNativeTarget "myPetStoreApp" */ = {
			isa = XCConfigurationList;
			buildConfigurations = (
				3EFAD5B9263B5A0D0053997A /* Debug */,
				3EFAD5BA263B5A0D0053997A /* Release */,
			);
			defaultConfigurationIsVisible = 0;
			defaultConfigurationName = Release;
		};
/* End XCConfigurationList section */
	};
	rootObject = 3EFAD5A1263B5A0B0053997A /* Project object */;
}
